NeoBundleLock CamelCaseMotion b480bf78ab015118d59409f3931a637548d0c244
NeoBundleLock YouCompleteMe 31e5fa6d280bf15a5b3a14736203ceac9e921499
NeoBundleLock command-t 223092c178c45a2d0597f611667603e24f01f954
NeoBundleLock dbext.vim be1f55f5520aae4b1c2cab941d84e8f57548e8da
NeoBundleLock gundo.vim 3975ac871565115e3769dc69c06bc88ddc1369af
NeoBundleLock indentpython.vim 6aaddfde21fe9e7acbe448b92b3cbb67f2fe1fc1
NeoBundleLock minibufexpl.vim ad72976ca3df4585d49aa296799f14f3b34cf953
NeoBundleLock neobundle.vim 4c9a273fd085db60368b3f0fe5a4f2acf2c121df
NeoBundleLock nerdtree 4f1e6ecb057fc0bac189171c1430d71ef25f6bb1
NeoBundleLock syntastic 77c125170aa6b8c553d58f876021b0cedd8ac820
NeoBundleLock tagbar 64e935fe5812d3b7022aba1dee63ec9f7456b02f
NeoBundleLock ultisnips 1ad970379edaec1a386bab5ff26c385b9e89a0ff
NeoBundleLock unite.vim cb29ce3812b8e888a65548321702aa75564c88b1
NeoBundleLock vim-abolish d932b4491a35a0a85f1334223e315caac5e5cb0d
NeoBundleLock vim-airline 616daceb735771ed27535abe8a6e4907320f1e82
NeoBundleLock vim-clojure-static f1c53e290b16885c2eb3fc96e57d9984b627f735
NeoBundleLock vim-commentary 4dcfc318e0b02fdbb0c2d9ff77cf3562b46eea25
NeoBundleLock vim-easy-align 2595ebf9333f3598502276b29f78ad39965bc595
NeoBundleLock vim-fireplace 04a7f542f56cb2d932c454648e10fc39f70af345
NeoBundleLock vim-fugitive 0374322ba5d85ae44dd9dc44ef31ca015a59097e
NeoBundleLock vim-repeat 2a3c5f8e3c26a57b8eb4cfc4be79615a1c508ef6
NeoBundleLock vim-scala 71ada50fc5e2b3c9fdbdb75835a218d2c245efec
NeoBundleLock vim-speeddating 23213428c4071f1ea7ffb7332a70c7b5f9324a3e
NeoBundleLock vim-surround fa433e0b7330753688f715f3be5d10dc480f20e5
NeoBundleLock vimproc.vim 3e055023dfab4f5a4dfa05a834f9d0cb7294a82e
